
Microsoft Visual Studio Solution File, Format Version 12.00
# Visual Studio Version 17
VisualStudioVersion = 17.7.34221.43
MinimumVisualStudioVersion = 10.0.40219.1
Project("{FAE04EC0-301F-11D3-BF4B-00C04F79EFBC}") = "TriangleClassifier", "TriangleClassifier.csproj", "{925AA641-FAB0-42B1-B658-594442A3E53A}"
EndProject
Global
	GlobalSection(SolutionConfigurationPlatforms) = preSolution
		Debug|Any CPU = Debug|Any CPU
		Release|Any CPU = Release|Any CPU
	EndGlobalSection
	GlobalSection(ProjectConfigurationPlatforms) = postSolution
		{925AA641-FAB0-42B1-B658-594442A3E53A}.Debug|Any CPU.ActiveCfg = Debug|Any CPU
		{925AA641-FAB0-42B1-B658-594442A3E53A}.Debug|Any CPU.Build.0 = Debug|Any CPU
		{925AA641-FAB0-42B1-B658-594442A3E53A}.Release|Any CPU.ActiveCfg = Release|Any CPU
		{925AA641-FAB0-42B1-B658-594442A3E53A}.Release|Any CPU.Build.0 = Release|Any CPU
	EndGlobalSection
	GlobalSection(SolutionProperties) = preSolution
		HideSolutionNode = FALSE
	EndGlobalSection
	GlobalSection(ExtensibilityGlobals) = postSolution
		SolutionGuid = {E0267168-45A8-4E2C-883F-72E70A91D89B}
	EndGlobalSection
EndGlobal
